
Microsoft Visual Studio Solution File, Format Version 12.00
# Visual Studio Version 16
VisualStudioVersion = 16.0.30717.126
MinimumVisualStudioVersion = 10.0.40219.1
Project("{888888A0-9F3D-457C-B088-3A5042F75D52}") = "basics.app", "basics.app\basics.app.pyproj", "{B7F0BF3A-68AE-43FA-83A1-1132FDD25C91}"
EndProject
Global
	GlobalSection(SolutionConfigurationPlatforms) = preSolution
		Debug|Any CPU = Debug|Any CPU
		Release|Any CPU = Release|Any CPU
	EndGlobalSection
	GlobalSection(ProjectConfigurationPlatforms) = postSolution
		{B7F0BF3A-68AE-43FA-83A1-1132FDD25C91}.Debug|Any CPU.ActiveCfg = Debug|Any CPU
		{B7F0BF3A-68AE-43FA-83A1-1132FDD25C91}.Release|Any CPU.ActiveCfg = Release|Any CPU
	EndGlobalSection
	GlobalSection(SolutionProperties) = preSolution
		HideSolutionNode = FALSE
	EndGlobalSection
	GlobalSection(ExtensibilityGlobals) = postSolution
		SolutionGuid = {237471B1-988A-449D-8CFC-0BCAD2F0ECDC}
	EndGlobalSection
EndGlobal
